
Microsoft Visual Studio Solution File, Format Version 12.00
# Visual Studio Version 16
VisualStudioVersion = 16.0.30204.135
MinimumVisualStudioVersion = 10.0.40219.1
Project("{FAE04EC0-301F-11D3-BF4B-00C04F79EFBC}") = "Lab 4_5List FOr EachLoopsTriviaLeaderboard", "Lab 4_5List FOr EachLoopsTriviaLeaderboard.csproj", "{5551BB3B-F7C1-4A84-9A88-1915CA82562C}"
EndProject
Global
	GlobalSection(SolutionConfigurationPlatforms) = preSolution
		Debug|Any CPU = Debug|Any CPU
		Release|Any CPU = Release|Any CPU
	EndGlobalSection
	GlobalSection(ProjectConfigurationPlatforms) = postSolution
		{5551BB3B-F7C1-4A84-9A88-1915CA82562C}.Debug|Any CPU.ActiveCfg = Debug|Any CPU
		{5551BB3B-F7C1-4A84-9A88-1915CA82562C}.Debug|Any CPU.Build.0 = Debug|Any CPU
		{5551BB3B-F7C1-4A84-9A88-1915CA82562C}.Release|Any CPU.ActiveCfg = Release|Any CPU
		{5551BB3B-F7C1-4A84-9A88-1915CA82562C}.Release|Any CPU.Build.0 = Release|Any CPU
	EndGlobalSection
	GlobalSection(SolutionProperties) = preSolution
		HideSolutionNode = FALSE
	EndGlobalSection
	GlobalSection(ExtensibilityGlobals) = postSolution
		SolutionGuid = {DD91F2C9-890C-4045-AAAD-0C490899672E}
	EndGlobalSection
EndGlobal
